
Microsoft Visual Studio Solution File, Format Version 12.00
# Visual Studio Version 17
VisualStudioVersion = 17.1.32210.238
MinimumVisualStudioVersion = 10.0.40219.1
Project("{FAE04EC0-301F-11D3-BF4B-00C04F79EFBC}") = "BlazorSMHI.Shared", "BlazorSMHI.Shared\BlazorSMHI.Shared.csproj", "{1AF50157-FDD0-4DDF-863A-D47568753A22}"
EndProject
Project("{FAE04EC0-301F-11D3-BF4B-00C04F79EFBC}") = "BlazorSMHI.FuncApi", "BlazorSMHI.FuncApi\BlazorSMHI.FuncApi.csproj", "{CE743BCC-CBF6-433E-A799-160450C62096}"
EndProject
Project("{FAE04EC0-301F-11D3-BF4B-00C04F79EFBC}") = "BlazorSMHI.Client", "BlazorSMHI.Client\BlazorSMHI.Client.csproj", "{8BF90E64-0B87-43B4-9C2D-1D842EC05EAF}"
EndProject
Global
	GlobalSection(SolutionConfigurationPlatforms) = preSolution
		Debug|Any CPU = Debug|Any CPU
		Release|Any CPU = Release|Any CPU
	EndGlobalSection
	GlobalSection(ProjectConfigurationPlatforms) = postSolution
		{1AF50157-FDD0-4DDF-863A-D47568753A22}.Debug|Any CPU.ActiveCfg = Debug|Any CPU
		{1AF50157-FDD0-4DDF-863A-D47568753A22}.Debug|Any CPU.Build.0 = Debug|Any CPU
		{1AF50157-FDD0-4DDF-863A-D47568753A22}.Release|Any CPU.ActiveCfg = Release|Any CPU
		{1AF50157-FDD0-4DDF-863A-D47568753A22}.Release|Any CPU.Build.0 = Release|Any CPU
		{CE743BCC-CBF6-433E-A799-160450C62096}.Debug|Any CPU.ActiveCfg = Debug|Any CPU
		{CE743BCC-CBF6-433E-A799-160450C62096}.Debug|Any CPU.Build.0 = Debug|Any CPU
		{CE743BCC-CBF6-433E-A799-160450C62096}.Release|Any CPU.ActiveCfg = Release|Any CPU
		{CE743BCC-CBF6-433E-A799-160450C62096}.Release|Any CPU.Build.0 = Release|Any CPU
		{8BF90E64-0B87-43B4-9C2D-1D842EC05EAF}.Debug|Any CPU.ActiveCfg = Debug|Any CPU
		{8BF90E64-0B87-43B4-9C2D-1D842EC05EAF}.Debug|Any CPU.Build.0 = Debug|Any CPU
		{8BF90E64-0B87-43B4-9C2D-1D842EC05EAF}.Release|Any CPU.ActiveCfg = Release|Any CPU
		{8BF90E64-0B87-43B4-9C2D-1D842EC05EAF}.Release|Any CPU.Build.0 = Release|Any CPU
	EndGlobalSection
	GlobalSection(SolutionProperties) = preSolution
		HideSolutionNode = FALSE
	EndGlobalSection
	GlobalSection(ExtensibilityGlobals) = postSolution
		SolutionGuid = {0E8CF7A2-0F42-42C0-8935-5AF5375C225F}
	EndGlobalSection
EndGlobal
